<?xml version="1.0" encoding="utf-8"?>
<Project ToolsVersion="4.0" xmlns="http://schemas.microsoft.com/developer/msbuild/2003">
  <ItemGroup>
    <None Include="packages.config" />
  </ItemGroup>
  <ItemGroup>
    <Filter Include="src">
      <UniqueIdentifier>{f0bfbe62-9e6e-4a51-9be8-49d394b9ec9b}</UniqueIdentifier>
    </Filter>
    <Filter Include="src\Util">
      <UniqueIdentifier>{04728ebc-f7d9-4600-9bd8-49953765c926}</UniqueIdentifier>
    </Filter>
    <Filter Include="src\Core">
      <UniqueIdentifier>{8ae00c6c-5f0c-4518-8a7d-a2fb109383e1}</UniqueIdentifier>
    </Filter>
  </ItemGroup>
  <ItemGroup>
    <ClCompile Include="..\src\Main.cpp">
      <Filter>src\Core</Filter>
    </ClCompile>
    <ClCompile Include="..\src\2DInterface.cpp">
      <Filter>src\Core</Filter>
    </ClCompile>
    <ClCompile Include="..\src\FileUtil.cpp">
      <Filter>src\Util</Filter>
    </ClCompile>
  </ItemGroup>
  <ItemGroup>
    <ClInclude Include="..\src\2DInterface.h">
      <Filter>src\Core</Filter>
    </ClInclude>
    <ClInclude Include="..\src\FileUtil.h">
      <Filter>src\Util</Filter>
    </ClInclude>
  </ItemGroup>
</Project>